
Microsoft Visual Studio Solution File, Format Version 12.00
# Visual Studio Version 16
VisualStudioVersion = 16.0.30011.22
MinimumVisualStudioVersion = 10.0.40219.1
Project("{FAE04EC0-301F-11D3-BF4B-00C04F79EFBC}") = "alg_lab5", "alg_lab5\alg_lab5.csproj", "{C4F794B7-3EB6-47F4-8F81-CE4B17AF2C85}"
EndProject
Global
	GlobalSection(SolutionConfigurationPlatforms) = preSolution
		Debug|Any CPU = Debug|Any CPU
		Release|Any CPU = Release|Any CPU
	EndGlobalSection
	GlobalSection(ProjectConfigurationPlatforms) = postSolution
		{C4F794B7-3EB6-47F4-8F81-CE4B17AF2C85}.Debug|Any CPU.ActiveCfg = Debug|Any CPU
		{C4F794B7-3EB6-47F4-8F81-CE4B17AF2C85}.Debug|Any CPU.Build.0 = Debug|Any CPU
		{C4F794B7-3EB6-47F4-8F81-CE4B17AF2C85}.Release|Any CPU.ActiveCfg = Release|Any CPU
		{C4F794B7-3EB6-47F4-8F81-CE4B17AF2C85}.Release|Any CPU.Build.0 = Release|Any CPU
	EndGlobalSection
	GlobalSection(SolutionProperties) = preSolution
		HideSolutionNode = FALSE
	EndGlobalSection
	GlobalSection(ExtensibilityGlobals) = postSolution
		SolutionGuid = {5047EC8C-AD0D-4650-83B0-7C3BCBB26DC2}
	EndGlobalSection
EndGlobal
